
Microsoft Visual Studio Solution File, Format Version 12.00
# Visual Studio Version 17
VisualStudioVersion = 17.0.31912.275
MinimumVisualStudioVersion = 10.0.40219.1
Project("{FAE04EC0-301F-11D3-BF4B-00C04F79EFBC}") = "AdventOfCode2021", "AdventOfCode2021\AdventOfCode2021.csproj", "{8A7C667B-2D23-4586-B09F-24A9B5133350}"
EndProject
Global
	GlobalSection(SolutionConfigurationPlatforms) = preSolution
		Debug|Any CPU = Debug|Any CPU
		Release|Any CPU = Release|Any CPU
	EndGlobalSection
	GlobalSection(ProjectConfigurationPlatforms) = postSolution
		{8A7C667B-2D23-4586-B09F-24A9B5133350}.Debug|Any CPU.ActiveCfg = Debug|Any CPU
		{8A7C667B-2D23-4586-B09F-24A9B5133350}.Debug|Any CPU.Build.0 = Debug|Any CPU
		{8A7C667B-2D23-4586-B09F-24A9B5133350}.Release|Any CPU.ActiveCfg = Release|Any CPU
		{8A7C667B-2D23-4586-B09F-24A9B5133350}.Release|Any CPU.Build.0 = Release|Any CPU
	EndGlobalSection
	GlobalSection(SolutionProperties) = preSolution
		HideSolutionNode = FALSE
	EndGlobalSection
	GlobalSection(ExtensibilityGlobals) = postSolution
		SolutionGuid = {A81FA191-DA98-4BF6-BCC8-413BCC7FB16E}
	EndGlobalSection
EndGlobal
